# Resolved CPython 3.12 test environment used for paper verification on 2026-09-05.
# Install the repository separately with: python -m pip install --no-deps -e .
aioice==0.10.2
aiortc==1.15.0
annotated-types==0.8.0
av==17.1.0
certifi==2026.7.22
cffi==2.1.1
charset-normalizer==3.5.1
cryptography==50.0.1
dnspython==2.8.0
google-crc32c==1.8.0
idna==3.19
ifaddr==0.2.0
numpy==2.5.2
opencv-python-headless==5.0.0.93
pandas==3.0.5
pycparser==3.0
pydantic==2.13.5
pydantic_core==2.46.5
PyOpenSSL==26.4.0
pyee==14.0.0
pylibsrtp==1.0.0
python-dateutil==2.9.0.post0
requests==2.34.2
scipy==1.18.1
six==1.17.0
typing_extensions==4.16.0
typing-inspection==0.4.4
tzdata==2026.3
urllib3==2.7.0
websockets==17.1
